
Microsoft Visual Studio Solution File, Format Version 12.00
# Visual Studio Version 17
VisualStudioVersion = 17.5.33530.505
MinimumVisualStudioVersion = 10.0.40219.1
Project("{FAE04EC0-301F-11D3-BF4B-00C04F79EFBC}") = "Chess", "Chess.csproj", "{F783D24A-5EE7-4004-9978-F94E3D586565}"
EndProject
Global
	GlobalSection(SolutionConfigurationPlatforms) = preSolution
		Debug|Any CPU = Debug|Any CPU
		Release|Any CPU = Release|Any CPU
	EndGlobalSection
	GlobalSection(ProjectConfigurationPlatforms) = postSolution
		{F783D24A-5EE7-4004-9978-F94E3D586565}.Debug|Any CPU.ActiveCfg = Debug|Any CPU
		{F783D24A-5EE7-4004-9978-F94E3D586565}.Debug|Any CPU.Build.0 = Debug|Any CPU
		{F783D24A-5EE7-4004-9978-F94E3D586565}.Release|Any CPU.ActiveCfg = Release|Any CPU
		{F783D24A-5EE7-4004-9978-F94E3D586565}.Release|Any CPU.Build.0 = Release|Any CPU
	EndGlobalSection
	GlobalSection(SolutionProperties) = preSolution
		HideSolutionNode = FALSE
	EndGlobalSection
	GlobalSection(ExtensibilityGlobals) = postSolution
		SolutionGuid = {D1DBA05E-92CF-4312-B785-F770025C7DEC}
	EndGlobalSection
EndGlobal
